{
  "name": "@converse/headless",
  "version": "9.1.1",
  "lockfileVersion": 2,
  "requires": true,
  "packages": {
    "": {
      "name": "@converse/headless",
      "version": "9.1.1",
      "license": "MPL-2.0",
      "dependencies": {
        "@converse/openpromise": "^0.0.1",
        "@converse/skeletor": "0.0.7",
        "dayjs": "1.11.3",
        "dompurify": "^2.3.1",
        "filesize": "^7.0.0",
        "localforage-webextensionstorage-driver": "^3.0.0",
        "lodash-es": "^4.17.21",
        "pluggable.js": "3.0.1",
        "sizzle": "^2.3.5",
        "sprintf-js": "^1.1.2",
        "strophe.js": "1.5.0",
        "urijs": "^1.19.10"
      }
    },
    "node_modules/@converse/openpromise": {
      "version": "0.0.1",
      "resolved": "https://registry.npmjs.org/@converse/openpromise/-/openpromise-0.0.1.tgz",
      "integrity": "sha512-oA1TKrm6H838isYZJxMWXpXyOUezkD49eMJ6bkI+FfL2MsVuOV3ZbhBV+c07mLSknKXO7pUbWTVa5f7bXJXYjQ=="
    },
    "node_modules/@converse/skeletor": {
      "version": "0.0.7",
      "resolved": "https://registry.npmjs.org/@converse/skeletor/-/skeletor-0.0.7.tgz",
      "integrity": "sha512-JqK1lND0R1l9UEH/0cA7AGcP7EzB+NdPoMmCYNHBaSBins7ir+HHsGxw9eIHWJMPNXIN4ERG2oKwUTwVLryxmA==",
      "dependencies": {
        "lit-html": "^2.0.0-rc.2",
        "localforage": "^1.10.0",
        "localforage-driver-memory": "^1.0.5",
        "localforage-getitems": "github:conversejs/localForage-getItems#0f129c5c9bb0d23f8dbb64c9dfbb003c8cdf7285",
        "localforage-setitems": "^1.4.0",
        "lodash-es": "^4.17.21",
        "mergebounce": "0.1.1"
      }
    },
    "node_modules/@types/trusted-types": {
      "version": "2.0.2",
      "resolved": "https://registry.npmjs.org/@types/trusted-types/-/trusted-types-2.0.2.tgz",
      "integrity": "sha512-F5DIZ36YVLE+PN+Zwws4kJogq47hNgX3Nx6WyDJ3kcplxyke3XIzB8uK5n/Lpm1HBsbGzd6nmGehL8cPekP+Tg=="
    },
    "node_modules/@xmldom/xmldom": {
      "version": "0.8.2",
      "resolved": "https://registry.npmjs.org/@xmldom/xmldom/-/xmldom-0.8.2.tgz",
      "integrity": "sha512-+R0juSseERyoPvnBQ/cZih6bpF7IpCXlWbHRoCRzYzqpz6gWHOgf8o4MOEf6KBVuOyqU+gCNLkCWVIJAro8XyQ==",
      "optional": true,
      "engines": {
        "node": ">=10.0.0"
      }
    },
    "node_modules/abab": {
      "version": "2.0.6",
      "resolved": "https://registry.npmjs.org/abab/-/abab-2.0.6.tgz",
      "integrity": "sha512-j2afSsaIENvHZN2B8GOpF566vZ5WVk5opAiMTvWgaQT8DkbOqsTfvNAvHoRGU2zzP8cPoqys+xHTRDWW8L+/BA=="
    },
    "node_modules/anymatch": {
      "version": "3.1.2",
      "resolved": "https://registry.npmjs.org/anymatch/-/anymatch-3.1.2.tgz",
      "integrity": "sha512-P43ePfOAIupkguHUycrc4qJ9kz8ZiuOUijaETwX7THt0Y/GNK7v0aa8rY816xWjZ7rJdA5XdMcpVFTKMq+RvWg==",
      "dependencies": {
        "normalize-path": "^3.0.0",
        "picomatch": "^2.0.4"
      },
      "engines": {
        "node": ">= 8"
      }
    },
    "node_modules/babel-runtime": {
      "version": "6.26.0",
      "resolved": "https://registry.npmjs.org/babel-runtime/-/babel-runtime-6.26.0.tgz",
      "integrity": "sha512-ITKNuq2wKlW1fJg9sSW52eepoYgZBggvOAHC0u/CYu/qxQ9EVzThCgR69BnSXLHjy2f7SY5zaQ4yt7H9ZVxY2g==",
      "dependencies": {
        "core-js": "^2.4.0",
        "regenerator-runtime": "^0.11.0"
      }
    },
    "node_modules/binary-extensions": {
      "version": "2.2.0",
      "resolved": "https://registry.npmjs.org/binary-extensions/-/binary-extensions-2.2.0.tgz",
      "integrity": "sha512-jDctJ/IVQbZoJykoeHbhXpOlNBqGNcwXJKJog42E5HDPUwQTSdjCHdihjj0DlnheQ7blbT6dHOafNAiS8ooQKA==",
      "engines": {
        "node": ">=8"
      }
    },
    "node_modules/braces": {
      "version": "3.0.2",
      "resolved": "https://registry.npmjs.org/braces/-/braces-3.0.2.tgz",
      "integrity": "sha512-b8um+L1RzM3WDSzvhm6gIz1yfTbBt6YTlcEKAvsmqCZZFw46z626lVj9j1yEPW33H5H+lBQpZMP1k8l+78Ha0A==",
      "dependencies": {
        "fill-range": "^7.0.1"
      },
      "engines": {
        "node": ">=8"
      }
    },
    "node_modules/chokidar": {
      "version": "3.5.3",
      "resolved": "https://registry.npmjs.org/chokidar/-/chokidar-3.5.3.tgz",
      "integrity": "sha512-Dr3sfKRP6oTcjf2JmUmFJfeVMvXBdegxB0iVQ5eb2V10uFJUCAS8OByZdVAyVb8xXNz3GjjTgj9kLWsZTqE6kw==",
      "funding": [
        {
          "type": "individual",
          "url": "https://paulmillr.com/funding/"
        }
      ],
      "dependencies": {
        "anymatch": "~3.1.2",
        "braces": "~3.0.2",
        "glob-parent": "~5.1.2",
        "is-binary-path": "~2.1.0",
        "is-glob": "~4.0.1",
        "normalize-path": "~3.0.0",
        "readdirp": "~3.6.0"
      },
      "engines": {
        "node": ">= 8.10.0"
      },
      "optionalDependencies": {
        "fsevents": "~2.3.2"
      }
    },
    "node_modules/core-js": {
      "version": "2.6.12",
      "resolved": "https://registry.npmjs.org/core-js/-/core-js-2.6.12.tgz",
      "integrity": "sha512-Kb2wC0fvsWfQrgk8HU5lW6U/Lcs8+9aaYcy4ZFc6DDlo4nZ7n70dEgE5rtR0oG6ufKDUnrwfWL1mXR5ljDatrQ==",
      "deprecated": "core-js@<3.23.3 is no longer maintained and not recommended for usage due to the number of issues. Because of the V8 engine whims, feature detection in old core-js versions could cause a slowdown up to 100x even if nothing is polyfilled. Some versions have web compatibility issues. Please, upgrade your dependencies to the actual version of core-js.",
      "hasInstallScript": true
    },
    "node_modules/dayjs": {
      "version": "1.11.3",
      "resolved": "https://registry.npmjs.org/dayjs/-/dayjs-1.11.3.tgz",
      "integrity": "sha512-xxwlswWOlGhzgQ4TKzASQkUhqERI3egRNqgV4ScR8wlANA/A9tZ7miXa44vTTKEq5l7vWoL5G57bG3zA+Kow0A=="
    },
    "node_modules/debounce": {
      "version": "1.2.1",
      "resolved": "https://registry.npmjs.org/debounce/-/debounce-1.2.1.tgz",
      "integrity": "sha512-XRRe6Glud4rd/ZGQfiV1ruXSfbvfJedlV9Y6zOlP+2K04vBYiJEte6stfFkCP03aMnY5tsipamumUjL14fofug=="
    },
    "node_modules/dompurify": {
      "version": "2.3.10",
      "resolved": "https://registry.npmjs.org/dompurify/-/dompurify-2.3.10.tgz",
      "integrity": "sha512-o7Fg/AgC7p/XpKjf/+RC3Ok6k4St5F7Q6q6+Nnm3p2zGWioAY6dh0CbbuwOhH2UcSzKsdniE/YnE2/92JcsA+g=="
    },
    "node_modules/filesize": {
      "version": "7.0.0",
      "resolved": "https://registry.npmjs.org/filesize/-/filesize-7.0.0.tgz",
      "integrity": "sha512-Wsstw+O1lZ9gVmOI1thyeQvODsaoId2qw14lCqIzUhoHKXX7T2hVpB7BR6SvgodMBgWccrx/y2eyV8L7tDmY6A==",
      "engines": {
        "node": ">= 0.4.0"
      }
    },
    "node_modules/fill-range": {
      "version": "7.0.1",
      "resolved": "https://registry.npmjs.org/fill-range/-/fill-range-7.0.1.tgz",
      "integrity": "sha512-qOo9F+dMUmC2Lcb4BbVvnKJxTPjCm+RRpe4gDuGrzkL7mEVl/djYSu2OdQ2Pa302N4oqkSg9ir6jaLWJ2USVpQ==",
      "dependencies": {
        "to-regex-range": "^5.0.1"
      },
      "engines": {
        "node": ">=8"
      }
    },
    "node_modules/fsevents": {
      "version": "2.3.2",
      "resolved": "https://registry.npmjs.org/fsevents/-/fsevents-2.3.2.tgz",
      "integrity": "sha512-xiqMQR4xAeHTuB9uWm+fFRcIOgKBMiOBP+eXiyT7jsgVCq1bkVygt00oASowB7EdtpOHaaPgKt812P9ab+DDKA==",
      "hasInstallScript": true,
      "optional": true,
      "os": [
        "darwin"
      ],
      "engines": {
        "node": "^8.16.0 || ^10.6.0 || >=11.0.0"
      }
    },
    "node_modules/glob-parent": {
      "version": "5.1.2",
      "resolved": "https://registry.npmjs.org/glob-parent/-/glob-parent-5.1.2.tgz",
      "integrity": "sha512-AOIgSQCepiJYwP3ARnGx+5VnTu2HBYdzbGP45eLw1vr3zB3vZLeyed1sC9hnbcOc9/SrMyM5RPQrkGz4aS9Zow==",
      "dependencies": {
        "is-glob": "^4.0.1"
      },
      "engines": {
        "node": ">= 6"
      }
    },
    "node_modules/immediate": {
      "version": "3.0.6",
      "resolved": "https://registry.npmjs.org/immediate/-/immediate-3.0.6.tgz",
      "integrity": "sha512-XXOFtyqDjNDAQxVfYxuF7g9Il/IbWmmlQg2MYKOH8ExIT1qg6xc4zyS3HaEEATgs1btfzxq15ciUiY7gjSXRGQ=="
    },
    "node_modules/is-binary-path": {
      "version": "2.1.0",
      "resolved": "https://registry.npmjs.org/is-binary-path/-/is-binary-path-2.1.0.tgz",
      "integrity": "sha512-ZMERYes6pDydyuGidse7OsHxtbI7WVeUEozgR/g7rd0xUimYNlvZRE/K2MgZTjWy725IfelLeVcEM97mmtRGXw==",
      "dependencies": {
        "binary-extensions": "^2.0.0"
      },
      "engines": {
        "node": ">=8"
      }
    },
    "node_modules/is-extglob": {
      "version": "2.1.1",
      "resolved": "https://registry.npmjs.org/is-extglob/-/is-extglob-2.1.1.tgz",
      "integrity": "sha512-SbKbANkN603Vi4jEZv49LeVJMn4yGwsbzZworEoyEiutsN3nJYdbO36zfhGJ6QEDpOZIFkDtnq5JRxmvl3jsoQ==",
      "engines": {
        "node": ">=0.10.0"
      }
    },
    "node_modules/is-glob": {
      "version": "4.0.3",
      "resolved": "https://registry.npmjs.org/is-glob/-/is-glob-4.0.3.tgz",
      "integrity": "sha512-xelSayHH36ZgE7ZWhli7pW34hNbNl8Ojv5KVmkJD4hBdD3th8Tfk9vYasLM+mXWOZhFkgZfxhLSnrwRr4elSSg==",
      "dependencies": {
        "is-extglob": "^2.1.1"
      },
      "engines": {
        "node": ">=0.10.0"
      }
    },
    "node_modules/is-number": {
      "version": "7.0.0",
      "resolved": "https://registry.npmjs.org/is-number/-/is-number-7.0.0.tgz",
      "integrity": "sha512-41Cifkg6e8TylSpdtTpeLVMqvSBEVzTttHvERD741+pnZ8ANv0004MRL43QKPDlK9cGvNp6NZWZUBlbGXYxxng==",
      "engines": {
        "node": ">=0.12.0"
      }
    },
    "node_modules/karma-rollup-preprocessor": {
      "version": "7.0.8",
      "resolved": "https://registry.npmjs.org/karma-rollup-preprocessor/-/karma-rollup-preprocessor-7.0.8.tgz",
      "integrity": "sha512-WiuBCS9qsatJuR17dghiTARBZ7LF+ml+eb7qJXhw7IbsdY0lTWELDRQC/93J9i6636CsAXVBL3VJF4WtaFLZzA==",
      "dependencies": {
        "chokidar": "^3.3.1",
        "debounce": "^1.2.0"
      },
      "engines": {
        "node": ">= 8.0.0"
      },
      "peerDependencies": {
        "rollup": ">= 1.0.0"
      }
    },
    "node_modules/lie": {
      "version": "3.1.1",
      "resolved": "https://registry.npmjs.org/lie/-/lie-3.1.1.tgz",
      "integrity": "sha512-RiNhHysUjhrDQntfYSfY4MU24coXXdEOgw9WGcKHNeEwffDYbF//u87M1EWaMGzuFoSbqW0C9C6lEEhDOAswfw==",
      "dependencies": {
        "immediate": "~3.0.5"
      }
    },
    "node_modules/lit-html": {
      "version": "2.2.7",
      "resolved": "https://registry.npmjs.org/lit-html/-/lit-html-2.2.7.tgz",
      "integrity": "sha512-JhqiAwO1l03kRe68uBZ0i2x4ef2S5szY9vvP411nlrFZIpKK4/hwnhA/15bqbvxe1lV3ipBdhaOzHmyOk7QIRg==",
      "dependencies": {
        "@types/trusted-types": "^2.0.2"
      }
    },
    "node_modules/localforage": {
      "version": "1.10.0",
      "resolved": "https://registry.npmjs.org/localforage/-/localforage-1.10.0.tgz",
      "integrity": "sha512-14/H1aX7hzBBmmh7sGPd+AOMkkIrHM3Z1PAyGgZigA1H1p5O5ANnMyWzvpAETtG68/dC4pC0ncy3+PPGzXZHPg==",
      "dependencies": {
        "lie": "3.1.1"
      }
    },
    "node_modules/localforage-driver-commons": {
      "version": "1.0.3",
      "resolved": "https://registry.npmjs.org/localforage-driver-commons/-/localforage-driver-commons-1.0.3.tgz",
      "integrity": "sha512-K9PiNNXcyX98lQVyCADjv+QKxFD71y0DtVUhqMjwCkFY/d/g7GdJLPN9U92M7RUvfkL8mzPhC+mWEKo9tur5oQ==",
      "peerDependencies": {
        "tslib": "^1.6.0"
      }
    },
    "node_modules/localforage-driver-memory": {
      "version": "1.0.5",
      "resolved": "https://registry.npmjs.org/localforage-driver-memory/-/localforage-driver-memory-1.0.5.tgz",
      "integrity": "sha512-m4v478ixdT3hA7gKv+pAxDIWgMKiUV2GuYem5jnpOBQFVJbrHU7jmNlrj8a0MfD9qff3i48E3Yfip5Eu1AN6Qg==",
      "dependencies": {
        "localforage-driver-commons": "^1.0.1",
        "tslib": "^1.6.0"
      },
      "peerDependencies": {
        "localforage": "^1.5.0"
      }
    },
    "node_modules/localforage-getitems": {
      "version": "1.4.2",
      "resolved": "git+ssh://git@github.com/conversejs/localForage-getItems.git#0f129c5c9bb0d23f8dbb64c9dfbb003c8cdf7285",
      "integrity": "sha512-J1Q2IqJgwWNJOOX8Q0UULrBEXZExmLwuGWXp/bsjWpuA5LL8RDJcmbUX/3CD9DqjvxvNTnutw2/973CD/EqXMQ==",
      "dependencies": {
        "localforage": ">=1.4.0"
      }
    },
    "node_modules/localforage-setitems": {
      "version": "1.4.0",
      "resolved": "https://registry.npmjs.org/localforage-setitems/-/localforage-setitems-1.4.0.tgz",
      "integrity": "sha512-uU2ZydBZZkwaP0s1m5NMJXKOQJ0pfqFjDfHdv/SU9E1SWZpr4U3qpyJLZSZJvCvaAeBEL9Bvzd0/CWC9Jtk3wg==",
      "dependencies": {
        "localforage": ">=1.4.0"
      }
    },
    "node_modules/localforage-webextensionstorage-driver": {
      "version": "3.0.0",
      "resolved": "https://registry.npmjs.org/localforage-webextensionstorage-driver/-/localforage-webextensionstorage-driver-3.0.0.tgz",
      "integrity": "sha512-8DUdLnTiX0aBlKqEMPSKiwesx+nHjdH7Bi8+8Hlq0dKXurW9zJvhVfEDU9Pv/LOskNWGo/PuSzLnAcmFqKCvpg==",
      "dependencies": {
        "babel-runtime": "^6.22.0"
      },
      "peerDependencies": {
        "localforage": "^1.7.4"
      }
    },
    "node_modules/lodash-es": {
      "version": "4.17.21",
      "resolved": "https://registry.npmjs.org/lodash-es/-/lodash-es-4.17.21.tgz",
      "integrity": "sha512-mKnC+QJ9pWVzv+C4/U3rRsHapFfHvQFoFB92e52xeyGMcX6/OlIl78je1u8vePzYZSkkogMPJ2yjxxsb89cxyw=="
    },
    "node_modules/mergebounce": {
      "version": "0.1.1",
      "resolved": "https://registry.npmjs.org/mergebounce/-/mergebounce-0.1.1.tgz",
      "integrity": "sha512-UvBRi+87aFdjLXAQhX3aTja4l5Uc4ZTrSL3V939lR7n7PWrBN8CiQLTprmtVca65Vwu2JuXPbMIvNM4JElMxdQ==",
      "dependencies": {
        "@converse/openpromise": "0.0.1",
        "lodash-es": "^4.17.21"
      }
    },
    "node_modules/normalize-path": {
      "version": "3.0.0",
      "resolved": "https://registry.npmjs.org/normalize-path/-/normalize-path-3.0.0.tgz",
      "integrity": "sha512-6eZs5Ls3WtCisHWp9S2GUy8dqkpGi4BVSz3GaqiE6ezub0512ESztXUwUB6C6IKbQkY2Pnb/mD4WYojCRwcwLA==",
      "engines": {
        "node": ">=0.10.0"
      }
    },
    "node_modules/picomatch": {
      "version": "2.3.1",
      "resolved": "https://registry.npmjs.org/picomatch/-/picomatch-2.3.1.tgz",
      "integrity": "sha512-JU3teHTNjmE2VCGFzuY8EXzCDVwEqB2a8fsIvwaStHhAWJEeVd1o1QD80CU6+ZdEXXSLbSsuLwJjkCBWqRQUVA==",
      "engines": {
        "node": ">=8.6"
      },
      "funding": {
        "url": "https://github.com/sponsors/jonschlinkert"
      }
    },
    "node_modules/pluggable.js": {
      "version": "3.0.1",
      "resolved": "https://registry.npmjs.org/pluggable.js/-/pluggable.js-3.0.1.tgz",
      "integrity": "sha512-DQC51A6aKLk6anvyvQfukNcVzGHOI5B04DerHioqLSF7ptI+Nla2hHzG4PGxq8tKqOGwQHnXnj9qxcFM3VViEQ==",
      "dependencies": {
        "lodash-es": "^4.17.21"
      }
    },
    "node_modules/readdirp": {
      "version": "3.6.0",
      "resolved": "https://registry.npmjs.org/readdirp/-/readdirp-3.6.0.tgz",
      "integrity": "sha512-hOS089on8RduqdbhvQ5Z37A0ESjsqz6qnRcffsMU3495FuTdqSm+7bhJ29JvIOsBDEEnan5DPu9t3To9VRlMzA==",
      "dependencies": {
        "picomatch": "^2.2.1"
      },
      "engines": {
        "node": ">=8.10.0"
      }
    },
    "node_modules/regenerator-runtime": {
      "version": "0.11.1",
      "resolved": "https://registry.npmjs.org/regenerator-runtime/-/regenerator-runtime-0.11.1.tgz",
      "integrity": "sha512-MguG95oij0fC3QV3URf4V2SDYGJhJnJGqvIIgdECeODCT98wSWDAJ94SSuVpYQUoTcGUIL6L4yNB7j1DFFHSBg=="
    },
    "node_modules/rollup": {
      "version": "2.77.2",
      "resolved": "https://registry.npmjs.org/rollup/-/rollup-2.77.2.tgz",
      "integrity": "sha512-m/4YzYgLcpMQbxX3NmAqDvwLATZzxt8bIegO78FZLl+lAgKJBd1DRAOeEiZcKOIOPjxE6ewHWHNgGEalFXuz1g==",
      "peer": true,
      "bin": {
        "rollup": "dist/bin/rollup"
      },
      "engines": {
        "node": ">=10.0.0"
      },
      "optionalDependencies": {
        "fsevents": "~2.3.2"
      }
    },
    "node_modules/sizzle": {
      "version": "2.3.6",
      "resolved": "https://registry.npmjs.org/sizzle/-/sizzle-2.3.6.tgz",
      "integrity": "sha512-abtd95IkbcMAaYk1Lux4k9Xz6wnQqyLy2aco9HGJ8jVaCDEcc+ug0hW8RdV6aIre3ycWXxPdcX0u7QL/1UaSoA=="
    },
    "node_modules/sprintf-js": {
      "version": "1.1.2",
      "resolved": "https://registry.npmjs.org/sprintf-js/-/sprintf-js-1.1.2.tgz",
      "integrity": "sha512-VE0SOVEHCk7Qc8ulkWw3ntAzXuqf7S2lvwQaDLRnUeIEaKNQJzV6BwmLKhOqT61aGhfUMrXeaBk+oDGCzvhcug=="
    },
    "node_modules/strophe.js": {
      "version": "1.5.0",
      "resolved": "https://registry.npmjs.org/strophe.js/-/strophe.js-1.5.0.tgz",
      "integrity": "sha512-H5tE/tZxPR5xP3jhXyQwsjnMSwQMf7vrn9r1OkufTApyGHYe8WjzhsfxtL3AFhVu7vFjXPPZBrmUOTm1ccYgOA==",
      "dependencies": {
        "abab": "^2.0.3",
        "karma-rollup-preprocessor": "^7.0.8"
      },
      "optionalDependencies": {
        "@xmldom/xmldom": "0.8.2",
        "ws": "^8.5.0"
      }
    },
    "node_modules/to-regex-range": {
      "version": "5.0.1",
      "resolved": "https://registry.npmjs.org/to-regex-range/-/to-regex-range-5.0.1.tgz",
      "integrity": "sha512-65P7iz6X5yEr1cwcgvQxbbIw7Uk3gOy5dIdtZ4rDveLqhrdJP+Li/Hx6tyK0NEb+2GCyneCMJiGqrADCSNk8sQ==",
      "dependencies": {
        "is-number": "^7.0.0"
      },
      "engines": {
        "node": ">=8.0"
      }
    },
    "node_modules/tslib": {
      "version": "1.14.1",
      "resolved": "https://registry.npmjs.org/tslib/-/tslib-1.14.1.tgz",
      "integrity": "sha512-Xni35NKzjgMrwevysHTCArtLDpPvye8zV/0E4EyYn43P7/7qvQwPh9BGkHewbMulVntbigmcT7rdX3BNo9wRJg=="
    },
    "node_modules/urijs": {
      "version": "1.19.11",
      "resolved": "https://registry.npmjs.org/urijs/-/urijs-1.19.11.tgz",
      "integrity": "sha512-HXgFDgDommxn5/bIv0cnQZsPhHDA90NPHD6+c/v21U5+Sx5hoP8+dP9IZXBU1gIfvdRfhG8cel9QNPeionfcCQ=="
    },
    "node_modules/ws": {
      "version": "8.8.1",
      "resolved": "https://registry.npmjs.org/ws/-/ws-8.8.1.tgz",
      "integrity": "sha512-bGy2JzvzkPowEJV++hF07hAD6niYSr0JzBNo/J29WsB57A2r7Wlc1UFcTR9IzrPvuNVO4B8LGqF8qcpsVOhJCA==",
      "optional": true,
      "engines": {
        "node": ">=10.0.0"
      },
      "peerDependencies": {
        "bufferutil": "^4.0.1",
        "utf-8-validate": "^5.0.2"
      },
      "peerDependenciesMeta": {
        "bufferutil": {
          "optional": true
        },
        "utf-8-validate": {
          "optional": true
        }
      }
    }
  },
  "dependencies": {
    "@converse/openpromise": {
      "version": "0.0.1",
      "resolved": "https://registry.npmjs.org/@converse/openpromise/-/openpromise-0.0.1.tgz",
      "integrity": "sha512-oA1TKrm6H838isYZJxMWXpXyOUezkD49eMJ6bkI+FfL2MsVuOV3ZbhBV+c07mLSknKXO7pUbWTVa5f7bXJXYjQ=="
    },
    "@converse/skeletor": {
      "version": "0.0.7",
      "resolved": "https://registry.npmjs.org/@converse/skeletor/-/skeletor-0.0.7.tgz",
      "integrity": "sha512-JqK1lND0R1l9UEH/0cA7AGcP7EzB+NdPoMmCYNHBaSBins7ir+HHsGxw9eIHWJMPNXIN4ERG2oKwUTwVLryxmA==",
      "requires": {
        "lit-html": "^2.0.0-rc.2",
        "localforage": "^1.10.0",
        "localforage-driver-memory": "^1.0.5",
        "localforage-getitems": "github:conversejs/localForage-getItems#0f129c5c9bb0d23f8dbb64c9dfbb003c8cdf7285",
        "localforage-setitems": "^1.4.0",
        "lodash-es": "^4.17.21",
        "mergebounce": "0.1.1"
      }
    },
    "@types/trusted-types": {
      "version": "2.0.2",
      "resolved": "https://registry.npmjs.org/@types/trusted-types/-/trusted-types-2.0.2.tgz",
      "integrity": "sha512-F5DIZ36YVLE+PN+Zwws4kJogq47hNgX3Nx6WyDJ3kcplxyke3XIzB8uK5n/Lpm1HBsbGzd6nmGehL8cPekP+Tg=="
    },
    "@xmldom/xmldom": {
      "version": "0.8.2",
      "resolved": "https://registry.npmjs.org/@xmldom/xmldom/-/xmldom-0.8.2.tgz",
      "integrity": "sha512-+R0juSseERyoPvnBQ/cZih6bpF7IpCXlWbHRoCRzYzqpz6gWHOgf8o4MOEf6KBVuOyqU+gCNLkCWVIJAro8XyQ==",
      "optional": true
    },
    "abab": {
      "version": "2.0.6",
      "resolved": "https://registry.npmjs.org/abab/-/abab-2.0.6.tgz",
      "integrity": "sha512-j2afSsaIENvHZN2B8GOpF566vZ5WVk5opAiMTvWgaQT8DkbOqsTfvNAvHoRGU2zzP8cPoqys+xHTRDWW8L+/BA=="
    },
    "anymatch": {
      "version": "3.1.2",
      "resolved": "https://registry.npmjs.org/anymatch/-/anymatch-3.1.2.tgz",
      "integrity": "sha512-P43ePfOAIupkguHUycrc4qJ9kz8ZiuOUijaETwX7THt0Y/GNK7v0aa8rY816xWjZ7rJdA5XdMcpVFTKMq+RvWg==",
      "requires": {
        "normalize-path": "^3.0.0",
        "picomatch": "^2.0.4"
      }
    },
    "babel-runtime": {
      "version": "6.26.0",
      "resolved": "https://registry.npmjs.org/babel-runtime/-/babel-runtime-6.26.0.tgz",
      "integrity": "sha512-ITKNuq2wKlW1fJg9sSW52eepoYgZBggvOAHC0u/CYu/qxQ9EVzThCgR69BnSXLHjy2f7SY5zaQ4yt7H9ZVxY2g==",
      "requires": {
        "core-js": "^2.4.0",
        "regenerator-runtime": "^0.11.0"
      }
    },
    "binary-extensions": {
      "version": "2.2.0",
      "resolved": "https://registry.npmjs.org/binary-extensions/-/binary-extensions-2.2.0.tgz",
      "integrity": "sha512-jDctJ/IVQbZoJykoeHbhXpOlNBqGNcwXJKJog42E5HDPUwQTSdjCHdihjj0DlnheQ7blbT6dHOafNAiS8ooQKA=="
    },
    "braces": {
      "version": "3.0.2",
      "resolved": "https://registry.npmjs.org/braces/-/braces-3.0.2.tgz",
      "integrity": "sha512-b8um+L1RzM3WDSzvhm6gIz1yfTbBt6YTlcEKAvsmqCZZFw46z626lVj9j1yEPW33H5H+lBQpZMP1k8l+78Ha0A==",
      "requires": {
        "fill-range": "^7.0.1"
      }
    },
    "chokidar": {
      "version": "3.5.3",
      "resolved": "https://registry.npmjs.org/chokidar/-/chokidar-3.5.3.tgz",
      "integrity": "sha512-Dr3sfKRP6oTcjf2JmUmFJfeVMvXBdegxB0iVQ5eb2V10uFJUCAS8OByZdVAyVb8xXNz3GjjTgj9kLWsZTqE6kw==",
      "requires": {
        "anymatch": "~3.1.2",
        "braces": "~3.0.2",
        "fsevents": "~2.3.2",
        "glob-parent": "~5.1.2",
        "is-binary-path": "~2.1.0",
        "is-glob": "~4.0.1",
        "normalize-path": "~3.0.0",
        "readdirp": "~3.6.0"
      }
    },
    "core-js": {
      "version": "2.6.12",
      "resolved": "https://registry.npmjs.org/core-js/-/core-js-2.6.12.tgz",
      "integrity": "sha512-Kb2wC0fvsWfQrgk8HU5lW6U/Lcs8+9aaYcy4ZFc6DDlo4nZ7n70dEgE5rtR0oG6ufKDUnrwfWL1mXR5ljDatrQ=="
    },
    "dayjs": {
      "version": "1.11.3",
      "resolved": "https://registry.npmjs.org/dayjs/-/dayjs-1.11.3.tgz",
      "integrity": "sha512-xxwlswWOlGhzgQ4TKzASQkUhqERI3egRNqgV4ScR8wlANA/A9tZ7miXa44vTTKEq5l7vWoL5G57bG3zA+Kow0A=="
    },
    "debounce": {
      "version": "1.2.1",
      "resolved": "https://registry.npmjs.org/debounce/-/debounce-1.2.1.tgz",
      "integrity": "sha512-XRRe6Glud4rd/ZGQfiV1ruXSfbvfJedlV9Y6zOlP+2K04vBYiJEte6stfFkCP03aMnY5tsipamumUjL14fofug=="
    },
    "dompurify": {
      "version": "2.3.10",
      "resolved": "https://registry.npmjs.org/dompurify/-/dompurify-2.3.10.tgz",
      "integrity": "sha512-o7Fg/AgC7p/XpKjf/+RC3Ok6k4St5F7Q6q6+Nnm3p2zGWioAY6dh0CbbuwOhH2UcSzKsdniE/YnE2/92JcsA+g=="
    },
    "filesize": {
      "version": "7.0.0",
      "resolved": "https://registry.npmjs.org/filesize/-/filesize-7.0.0.tgz",
      "integrity": "sha512-Wsstw+O1lZ9gVmOI1thyeQvODsaoId2qw14lCqIzUhoHKXX7T2hVpB7BR6SvgodMBgWccrx/y2eyV8L7tDmY6A=="
    },
    "fill-range": {
      "version": "7.0.1",
      "resolved": "https://registry.npmjs.org/fill-range/-/fill-range-7.0.1.tgz",
      "integrity": "sha512-qOo9F+dMUmC2Lcb4BbVvnKJxTPjCm+RRpe4gDuGrzkL7mEVl/djYSu2OdQ2Pa302N4oqkSg9ir6jaLWJ2USVpQ==",
      "requires": {
        "to-regex-range": "^5.0.1"
      }
    },
    "fsevents": {
      "version": "2.3.2",
      "resolved": "https://registry.npmjs.org/fsevents/-/fsevents-2.3.2.tgz",
      "integrity": "sha512-xiqMQR4xAeHTuB9uWm+fFRcIOgKBMiOBP+eXiyT7jsgVCq1bkVygt00oASowB7EdtpOHaaPgKt812P9ab+DDKA==",
      "optional": true
    },
    "glob-parent": {
      "version": "5.1.2",
      "resolved": "https://registry.npmjs.org/glob-parent/-/glob-parent-5.1.2.tgz",
      "integrity": "sha512-AOIgSQCepiJYwP3ARnGx+5VnTu2HBYdzbGP45eLw1vr3zB3vZLeyed1sC9hnbcOc9/SrMyM5RPQrkGz4aS9Zow==",
      "requires": {
        "is-glob": "^4.0.1"
      }
    },
    "immediate": {
      "version": "3.0.6",
      "resolved": "https://registry.npmjs.org/immediate/-/immediate-3.0.6.tgz",
      "integrity": "sha512-XXOFtyqDjNDAQxVfYxuF7g9Il/IbWmmlQg2MYKOH8ExIT1qg6xc4zyS3HaEEATgs1btfzxq15ciUiY7gjSXRGQ=="
    },
    "is-binary-path": {
      "version": "2.1.0",
      "resolved": "https://registry.npmjs.org/is-binary-path/-/is-binary-path-2.1.0.tgz",
      "integrity": "sha512-ZMERYes6pDydyuGidse7OsHxtbI7WVeUEozgR/g7rd0xUimYNlvZRE/K2MgZTjWy725IfelLeVcEM97mmtRGXw==",
      "requires": {
        "binary-extensions": "^2.0.0"
      }
    },
    "is-extglob": {
      "version": "2.1.1",
      "resolved": "https://registry.npmjs.org/is-extglob/-/is-extglob-2.1.1.tgz",
      "integrity": "sha512-SbKbANkN603Vi4jEZv49LeVJMn4yGwsbzZworEoyEiutsN3nJYdbO36zfhGJ6QEDpOZIFkDtnq5JRxmvl3jsoQ=="
    },
    "is-glob": {
      "version": "4.0.3",
      "resolved": "https://registry.npmjs.org/is-glob/-/is-glob-4.0.3.tgz",
      "integrity": "sha512-xelSayHH36ZgE7ZWhli7pW34hNbNl8Ojv5KVmkJD4hBdD3th8Tfk9vYasLM+mXWOZhFkgZfxhLSnrwRr4elSSg==",
      "requires": {
        "is-extglob": "^2.1.1"
      }
    },
    "is-number": {
      "version": "7.0.0",
      "resolved": "https://registry.npmjs.org/is-number/-/is-number-7.0.0.tgz",
      "integrity": "sha512-41Cifkg6e8TylSpdtTpeLVMqvSBEVzTttHvERD741+pnZ8ANv0004MRL43QKPDlK9cGvNp6NZWZUBlbGXYxxng=="
    },
    "karma-rollup-preprocessor": {
      "version": "7.0.8",
      "resolved": "https://registry.npmjs.org/karma-rollup-preprocessor/-/karma-rollup-preprocessor-7.0.8.tgz",
      "integrity": "sha512-WiuBCS9qsatJuR17dghiTARBZ7LF+ml+eb7qJXhw7IbsdY0lTWELDRQC/93J9i6636CsAXVBL3VJF4WtaFLZzA==",
      "requires": {
        "chokidar": "^3.3.1",
        "debounce": "^1.2.0"
      }
    },
    "lie": {
      "version": "3.1.1",
      "resolved": "https://registry.npmjs.org/lie/-/lie-3.1.1.tgz",
      "integrity": "sha512-RiNhHysUjhrDQntfYSfY4MU24coXXdEOgw9WGcKHNeEwffDYbF//u87M1EWaMGzuFoSbqW0C9C6lEEhDOAswfw==",
      "requires": {
        "immediate": "~3.0.5"
      }
    },
    "lit-html": {
      "version": "2.2.7",
      "resolved": "https://registry.npmjs.org/lit-html/-/lit-html-2.2.7.tgz",
      "integrity": "sha512-JhqiAwO1l03kRe68uBZ0i2x4ef2S5szY9vvP411nlrFZIpKK4/hwnhA/15bqbvxe1lV3ipBdhaOzHmyOk7QIRg==",
      "requires": {
        "@types/trusted-types": "^2.0.2"
      }
    },
    "localforage": {
      "version": "1.10.0",
      "resolved": "https://registry.npmjs.org/localforage/-/localforage-1.10.0.tgz",
      "integrity": "sha512-14/H1aX7hzBBmmh7sGPd+AOMkkIrHM3Z1PAyGgZigA1H1p5O5ANnMyWzvpAETtG68/dC4pC0ncy3+PPGzXZHPg==",
      "requires": {
        "lie": "3.1.1"
      }
    },
    "localforage-driver-commons": {
      "version": "1.0.3",
      "resolved": "https://registry.npmjs.org/localforage-driver-commons/-/localforage-driver-commons-1.0.3.tgz",
      "integrity": "sha512-K9PiNNXcyX98lQVyCADjv+QKxFD71y0DtVUhqMjwCkFY/d/g7GdJLPN9U92M7RUvfkL8mzPhC+mWEKo9tur5oQ==",
      "requires": {}
    },
    "localforage-driver-memory": {
      "version": "1.0.5",
      "resolved": "https://registry.npmjs.org/localforage-driver-memory/-/localforage-driver-memory-1.0.5.tgz",
      "integrity": "sha512-m4v478ixdT3hA7gKv+pAxDIWgMKiUV2GuYem5jnpOBQFVJbrHU7jmNlrj8a0MfD9qff3i48E3Yfip5Eu1AN6Qg==",
      "requires": {
        "localforage-driver-commons": "^1.0.1",
        "tslib": "^1.6.0"
      }
    },
    "localforage-getitems": {
      "version": "git+ssh://git@github.com/conversejs/localForage-getItems.git#0f129c5c9bb0d23f8dbb64c9dfbb003c8cdf7285",
      "integrity": "sha512-J1Q2IqJgwWNJOOX8Q0UULrBEXZExmLwuGWXp/bsjWpuA5LL8RDJcmbUX/3CD9DqjvxvNTnutw2/973CD/EqXMQ==",
      "from": "localforage-getitems@github:conversejs/localForage-getItems#0f129c5c9bb0d23f8dbb64c9dfbb003c8cdf7285",
      "requires": {
        "localforage": ">=1.4.0"
      }
    },
    "localforage-setitems": {
      "version": "1.4.0",
      "resolved": "https://registry.npmjs.org/localforage-setitems/-/localforage-setitems-1.4.0.tgz",
      "integrity": "sha512-uU2ZydBZZkwaP0s1m5NMJXKOQJ0pfqFjDfHdv/SU9E1SWZpr4U3qpyJLZSZJvCvaAeBEL9Bvzd0/CWC9Jtk3wg==",
      "requires": {
        "localforage": ">=1.4.0"
      }
    },
    "localforage-webextensionstorage-driver": {
      "version": "3.0.0",
      "resolved": "https://registry.npmjs.org/localforage-webextensionstorage-driver/-/localforage-webextensionstorage-driver-3.0.0.tgz",
      "integrity": "sha512-8DUdLnTiX0aBlKqEMPSKiwesx+nHjdH7Bi8+8Hlq0dKXurW9zJvhVfEDU9Pv/LOskNWGo/PuSzLnAcmFqKCvpg==",
      "requires": {
        "babel-runtime": "^6.22.0"
      }
    },
    "lodash-es": {
      "version": "4.17.21",
      "resolved": "https://registry.npmjs.org/lodash-es/-/lodash-es-4.17.21.tgz",
      "integrity": "sha512-mKnC+QJ9pWVzv+C4/U3rRsHapFfHvQFoFB92e52xeyGMcX6/OlIl78je1u8vePzYZSkkogMPJ2yjxxsb89cxyw=="
    },
    "mergebounce": {
      "version": "0.1.1",
      "resolved": "https://registry.npmjs.org/mergebounce/-/mergebounce-0.1.1.tgz",
      "integrity": "sha512-UvBRi+87aFdjLXAQhX3aTja4l5Uc4ZTrSL3V939lR7n7PWrBN8CiQLTprmtVca65Vwu2JuXPbMIvNM4JElMxdQ==",
      "requires": {
        "@converse/openpromise": "0.0.1",
        "lodash-es": "^4.17.21"
      }
    },
    "normalize-path": {
      "version": "3.0.0",
      "resolved": "https://registry.npmjs.org/normalize-path/-/normalize-path-3.0.0.tgz",
      "integrity": "sha512-6eZs5Ls3WtCisHWp9S2GUy8dqkpGi4BVSz3GaqiE6ezub0512ESztXUwUB6C6IKbQkY2Pnb/mD4WYojCRwcwLA=="
    },
    "picomatch": {
      "version": "2.3.1",
      "resolved": "https://registry.npmjs.org/picomatch/-/picomatch-2.3.1.tgz",
      "integrity": "sha512-JU3teHTNjmE2VCGFzuY8EXzCDVwEqB2a8fsIvwaStHhAWJEeVd1o1QD80CU6+ZdEXXSLbSsuLwJjkCBWqRQUVA=="
    },
    "pluggable.js": {
      "version": "3.0.1",
      "resolved": "https://registry.npmjs.org/pluggable.js/-/pluggable.js-3.0.1.tgz",
      "integrity": "sha512-DQC51A6aKLk6anvyvQfukNcVzGHOI5B04DerHioqLSF7ptI+Nla2hHzG4PGxq8tKqOGwQHnXnj9qxcFM3VViEQ==",
      "requires": {
        "lodash-es": "^4.17.21"
      }
    },
    "readdirp": {
      "version": "3.6.0",
      "resolved": "https://registry.npmjs.org/readdirp/-/readdirp-3.6.0.tgz",
      "integrity": "sha512-hOS089on8RduqdbhvQ5Z37A0ESjsqz6qnRcffsMU3495FuTdqSm+7bhJ29JvIOsBDEEnan5DPu9t3To9VRlMzA==",
      "requires": {
        "picomatch": "^2.2.1"
      }
    },
    "regenerator-runtime": {
      "version": "0.11.1",
      "resolved": "https://registry.npmjs.org/regenerator-runtime/-/regenerator-runtime-0.11.1.tgz",
      "integrity": "sha512-MguG95oij0fC3QV3URf4V2SDYGJhJnJGqvIIgdECeODCT98wSWDAJ94SSuVpYQUoTcGUIL6L4yNB7j1DFFHSBg=="
    },
    "rollup": {
      "version": "2.77.2",
      "resolved": "https://registry.npmjs.org/rollup/-/rollup-2.77.2.tgz",
      "integrity": "sha512-m/4YzYgLcpMQbxX3NmAqDvwLATZzxt8bIegO78FZLl+lAgKJBd1DRAOeEiZcKOIOPjxE6ewHWHNgGEalFXuz1g==",
      "peer": true,
      "requires": {
        "fsevents": "~2.3.2"
      }
    },
    "sizzle": {
      "version": "2.3.6",
      "resolved": "https://registry.npmjs.org/sizzle/-/sizzle-2.3.6.tgz",
      "integrity": "sha512-abtd95IkbcMAaYk1Lux4k9Xz6wnQqyLy2aco9HGJ8jVaCDEcc+ug0hW8RdV6aIre3ycWXxPdcX0u7QL/1UaSoA=="
    },
    "sprintf-js": {
      "version": "1.1.2",
      "resolved": "https://registry.npmjs.org/sprintf-js/-/sprintf-js-1.1.2.tgz",
      "integrity": "sha512-VE0SOVEHCk7Qc8ulkWw3ntAzXuqf7S2lvwQaDLRnUeIEaKNQJzV6BwmLKhOqT61aGhfUMrXeaBk+oDGCzvhcug=="
    },
    "strophe.js": {
      "version": "1.5.0",
      "resolved": "https://registry.npmjs.org/strophe.js/-/strophe.js-1.5.0.tgz",
      "integrity": "sha512-H5tE/tZxPR5xP3jhXyQwsjnMSwQMf7vrn9r1OkufTApyGHYe8WjzhsfxtL3AFhVu7vFjXPPZBrmUOTm1ccYgOA==",
      "requires": {
        "@xmldom/xmldom": "0.8.2",
        "abab": "^2.0.3",
        "karma-rollup-preprocessor": "^7.0.8",
        "ws": "^8.5.0"
      }
    },
    "to-regex-range": {
      "version": "5.0.1",
      "resolved": "https://registry.npmjs.org/to-regex-range/-/to-regex-range-5.0.1.tgz",
      "integrity": "sha512-65P7iz6X5yEr1cwcgvQxbbIw7Uk3gOy5dIdtZ4rDveLqhrdJP+Li/Hx6tyK0NEb+2GCyneCMJiGqrADCSNk8sQ==",
      "requires": {
        "is-number": "^7.0.0"
      }
    },
    "tslib": {
      "version": "1.14.1",
      "resolved": "https://registry.npmjs.org/tslib/-/tslib-1.14.1.tgz",
      "integrity": "sha512-Xni35NKzjgMrwevysHTCArtLDpPvye8zV/0E4EyYn43P7/7qvQwPh9BGkHewbMulVntbigmcT7rdX3BNo9wRJg=="
    },
    "urijs": {
      "version": "1.19.11",
      "resolved": "https://registry.npmjs.org/urijs/-/urijs-1.19.11.tgz",
      "integrity": "sha512-HXgFDgDommxn5/bIv0cnQZsPhHDA90NPHD6+c/v21U5+Sx5hoP8+dP9IZXBU1gIfvdRfhG8cel9QNPeionfcCQ=="
    },
    "ws": {
      "version": "8.8.1",
      "resolved": "https://registry.npmjs.org/ws/-/ws-8.8.1.tgz",
      "integrity": "sha512-bGy2JzvzkPowEJV++hF07hAD6niYSr0JzBNo/J29WsB57A2r7Wlc1UFcTR9IzrPvuNVO4B8LGqF8qcpsVOhJCA==",
      "optional": true,
      "requires": {}
    }
  }
}
