{
	"name": "@converse/headless",
	"version": "6.0.0",
	"lockfileVersion": 1,
	"requires": true,
	"dependencies": {
		"filesize": {
			"version": "4.2.1",
			"resolved": "https://registry.npmjs.org/filesize/-/filesize-4.2.1.tgz",
			"integrity": "sha512-bP82Hi8VRZX/TUBKfE24iiUGsB/sfm2WUrwTQyAzQrhO3V9IhcBBNBXMyzLY5orACxRyYJ3d2HeRVX+eFv4lmA==",
			"dev": true
		},
		"fs-extra": {
			"version": "8.1.0",
			"resolved": "https://registry.npmjs.org/fs-extra/-/fs-extra-8.1.0.tgz",
			"integrity": "sha512-yhlQgA6mnOJUKOsRUFsgJdQCvkKhcz8tlZG5HBQfReYZy46OwLcY+Zia0mtdHsOo9y/hP+CxMN0TU9QxoOtG4g==",
			"dev": true,
			"requires": {
				"graceful-fs": "^4.2.0",
				"jsonfile": "^4.0.0",
				"universalify": "^0.1.0"
			},
			"dependencies": {
				"jsonfile": {
					"version": "4.0.0",
					"resolved": "https://registry.npmjs.org/jsonfile/-/jsonfile-4.0.0.tgz",
					"integrity": "sha1-h3Gq4HmbZAdrdmQPygWPnBDjPss=",
					"dev": true,
					"requires": {
						"graceful-fs": "^4.1.6"
					}
				}
			}
		},
		"graceful-fs": {
			"version": "4.2.3",
			"resolved": "https://registry.npmjs.org/graceful-fs/-/graceful-fs-4.2.3.tgz",
			"integrity": "sha512-a30VEBm4PEdx1dRB7MFK7BejejvCvBronbLjht+sHuGYj8PHs7M/5Z+rt5lw551vZ7yfTCj4Vuyy3mSJytDWRQ==",
			"dev": true
		},
		"immediate": {
			"version": "3.0.6",
			"resolved": "https://registry.npmjs.org/immediate/-/immediate-3.0.6.tgz",
			"integrity": "sha1-nbHb0Pr43m++D13V5Wu2BigN5ps=",
			"dev": true
		},
		"jed": {
			"version": "1.1.1",
			"resolved": "https://registry.npmjs.org/jed/-/jed-1.1.1.tgz",
			"integrity": "sha1-elSbvZ/+FYWwzQoZHiAwVb7ldLQ=",
			"dev": true
		},
		"jsonfile": {
			"version": "5.0.0",
			"resolved": "https://registry.npmjs.org/jsonfile/-/jsonfile-5.0.0.tgz",
			"integrity": "sha512-NQRZ5CRo74MhMMC3/3r5g2k4fjodJ/wh8MxjFbCViWKFjxrnudWSY5vomh+23ZaXzAS7J3fBZIR2dV6WbmfM0w==",
			"dev": true,
			"requires": {
				"graceful-fs": "^4.1.6",
				"universalify": "^0.1.2"
			}
		},
		"lie": {
			"version": "3.1.1",
			"resolved": "https://registry.npmjs.org/lie/-/lie-3.1.1.tgz",
			"integrity": "sha1-mkNrLMd0bKWd56QfpGmz77dr2H4=",
			"dev": true,
			"requires": {
				"immediate": "~3.0.5"
			}
		},
		"lit-element": {
			"version": "2.2.1",
			"resolved": "https://registry.npmjs.org/lit-element/-/lit-element-2.2.1.tgz",
			"integrity": "sha512-ipDcgQ1EpW6Va2Z6dWm79jYdimVepO5GL0eYkZrFvdr0OD/1N260Q9DH+K5HXHFrRoC7dOg+ZpED2XE0TgGdXw==",
			"dev": true,
			"requires": {
				"lit-html": "^1.0.0"
			}
		},
		"lit-html": {
			"version": "1.1.2",
			"resolved": "https://registry.npmjs.org/lit-html/-/lit-html-1.1.2.tgz",
			"integrity": "sha512-FFlUMKHKi+qG1x1iHNZ1hrtc/zHmfYTyrSvs3/wBTvaNtpZjOZGWzU7efGYVpgp6KvWeKF6ql9/KsCq6Z/mEDA==",
			"dev": true
		},
		"localforage": {
			"version": "1.7.3",
			"resolved": "https://registry.npmjs.org/localforage/-/localforage-1.7.3.tgz",
			"integrity": "sha512-1TulyYfc4udS7ECSBT2vwJksWbkwwTX8BzeUIiq8Y07Riy7bDAAnxDaPU/tWyOVmQAcWJIEIFP9lPfBGqVoPgQ==",
			"dev": true,
			"requires": {
				"lie": "3.1.1"
			}
		},
		"lodash": {
			"version": "4.17.15",
			"resolved": "https://registry.npmjs.org/lodash/-/lodash-4.17.15.tgz",
			"integrity": "sha512-8xOcRHvCjnocdS5cpwXQXVzmmh5e5+saE2QGoeQmbKmRS6J3VQppPOIt0MnmE+4xlZoumy0GPG0D0MVIQbNA1A==",
			"dev": true
		},
		"pluggable.js": {
			"version": "2.0.1",
			"resolved": "https://registry.npmjs.org/pluggable.js/-/pluggable.js-2.0.1.tgz",
			"integrity": "sha512-SBt6v6Tbp20Jf8hU0cpcc/+HBHGMY8/Q+yA6Ih0tBQE8tfdZ6U4PRG0iNvUUjLx/hVyOP53n0UfGBymlfaaXCg==",
			"dev": true,
			"requires": {
				"lodash": "^4.17.11"
			}
		},
		"skeletor.js": {
			"version": "github:skeletorjs/skeletor#dea2d5791ee894493e30b92662c953efec0e58f6",
			"from": "github:skeletorjs/skeletor#dea2d5791ee894493e30b92662c953efec0e58f6",
			"dev": true,
			"requires": {
				"lodash": "^4.17.14"
			}
		},
		"strophe.js": {
			"version": "1.3.4",
			"resolved": "https://registry.npmjs.org/strophe.js/-/strophe.js-1.3.4.tgz",
			"integrity": "sha512-jSLDG8jolhAwGOSgiJ7DTMSYK3wVoEJHKtpVRyEacQZ6CWA6z2WRPJpcFMjsIweq5aP9/XIvKUQqHBu/ZhvESA==",
			"dev": true
		},
		"twemoji": {
			"version": "12.1.5",
			"resolved": "https://registry.npmjs.org/twemoji/-/twemoji-12.1.5.tgz",
			"integrity": "sha512-B0PBVy5xomwb1M/WZxf/IqPZfnoIYy1skXnlHjMwLwTNfZ9ljh8VgWQktAPcJXu8080WoEh6YwQGPVhDVqvrVQ==",
			"dev": true,
			"requires": {
				"fs-extra": "^8.0.1",
				"jsonfile": "^5.0.0",
				"twemoji-parser": "12.1.3",
				"universalify": "^0.1.2"
			}
		},
		"twemoji-parser": {
			"version": "12.1.3",
			"resolved": "https://registry.npmjs.org/twemoji-parser/-/twemoji-parser-12.1.3.tgz",
			"integrity": "sha512-ND4LZXF4X92/PFrzSgGkq6KPPg8swy/U0yRw1k/+izWRVmq1HYi3khPwV3XIB6FRudgVICAaBhJfW8e8G3HC7Q==",
			"dev": true
		},
		"universalify": {
			"version": "0.1.2",
			"resolved": "https://registry.npmjs.org/universalify/-/universalify-0.1.2.tgz",
			"integrity": "sha512-rBJeI5CXAlmy1pV+617WB9J63U6XcazHHF2f2dbJix4XzpUF0RS3Zbj0FGIOCAva5P/d/GBOYaACQ1w+0azUkg==",
			"dev": true
		}
	}
}
